
Microsoft Visual Studio Solution File, Format Version 12.00
# Visual Studio Version 17
VisualStudioVersion = 17.4.33213.308
MinimumVisualStudioVersion = 10.0.40219.1
Project("{FAE04EC0-301F-11D3-BF4B-00C04F79EFBC}") = "Domain", "Domain\Domain.csproj", "{2170DE3B-1627-4C02-8309-A5D40FC79767}"
EndProject
Project("{FAE04EC0-301F-11D3-BF4B-00C04F79EFBC}") = "Application", "Application\Application.csproj", "{459B78A5-7F62-4563-B565-8EEC0175B394}"
EndProject
Project("{FAE04EC0-301F-11D3-BF4B-00C04F79EFBC}") = "Infrastructure", "Infrastructure\Infrastructure.csproj", "{78DA3C50-C21F-4955-996F-27FD65F4FA9F}"
EndProject
Project("{FAE04EC0-301F-11D3-BF4B-00C04F79EFBC}") = "Api", "Api\Api.csproj", "{0EE2F17E-E123-4DD8-84AF-ECD4E5F885FD}"
EndProject
Global
	GlobalSection(SolutionConfigurationPlatforms) = preSolution
		Debug|Any CPU = Debug|Any CPU
		Release|Any CPU = Release|Any CPU
	EndGlobalSection
	GlobalSection(ProjectConfigurationPlatforms) = postSolution
		{2170DE3B-1627-4C02-8309-A5D40FC79767}.Debug|Any CPU.ActiveCfg = Debug|Any CPU
		{2170DE3B-1627-4C02-8309-A5D40FC79767}.Debug|Any CPU.Build.0 = Debug|Any CPU
		{2170DE3B-1627-4C02-8309-A5D40FC79767}.Release|Any CPU.ActiveCfg = Release|Any CPU
		{2170DE3B-1627-4C02-8309-A5D40FC79767}.Release|Any CPU.Build.0 = Release|Any CPU
		{459B78A5-7F62-4563-B565-8EEC0175B394}.Debug|Any CPU.ActiveCfg = Debug|Any CPU
		{459B78A5-7F62-4563-B565-8EEC0175B394}.Debug|Any CPU.Build.0 = Debug|Any CPU
		{459B78A5-7F62-4563-B565-8EEC0175B394}.Release|Any CPU.ActiveCfg = Release|Any CPU
		{459B78A5-7F62-4563-B565-8EEC0175B394}.Release|Any CPU.Build.0 = Release|Any CPU
		{78DA3C50-C21F-4955-996F-27FD65F4FA9F}.Debug|Any CPU.ActiveCfg = Debug|Any CPU
		{78DA3C50-C21F-4955-996F-27FD65F4FA9F}.Debug|Any CPU.Build.0 = Debug|Any CPU
		{78DA3C50-C21F-4955-996F-27FD65F4FA9F}.Release|Any CPU.ActiveCfg = Release|Any CPU
		{78DA3C50-C21F-4955-996F-27FD65F4FA9F}.Release|Any CPU.Build.0 = Release|Any CPU
		{0EE2F17E-E123-4DD8-84AF-ECD4E5F885FD}.Debug|Any CPU.ActiveCfg = Debug|Any CPU
		{0EE2F17E-E123-4DD8-84AF-ECD4E5F885FD}.Debug|Any CPU.Build.0 = Debug|Any CPU
		{0EE2F17E-E123-4DD8-84AF-ECD4E5F885FD}.Release|Any CPU.ActiveCfg = Release|Any CPU
		{0EE2F17E-E123-4DD8-84AF-ECD4E5F885FD}.Release|Any CPU.Build.0 = Release|Any CPU
	EndGlobalSection
	GlobalSection(SolutionProperties) = preSolution
		HideSolutionNode = FALSE
	EndGlobalSection
	GlobalSection(ExtensibilityGlobals) = postSolution
		SolutionGuid = {3EE6E65A-0270-446A-AEF2-E20D051DE964}
	EndGlobalSection
EndGlobal
